
Microsoft Visual Studio Solution File, Format Version 12.00
# Visual Studio Version 16
VisualStudioVersion = 16.0.30204.135
MinimumVisualStudioVersion = 10.0.40219.1
Project("{FAE04EC0-301F-11D3-BF4B-00C04F79EFBC}") = "A_Progress", "A_Progress\A_Progress.csproj", "{2E69EC89-DBB6-457B-BC0B-FB43E05CBF12}"
EndProject
Global
	GlobalSection(SolutionConfigurationPlatforms) = preSolution
		Debug|Any CPU = Debug|Any CPU
		Release|Any CPU = Release|Any CPU
	EndGlobalSection
	GlobalSection(ProjectConfigurationPlatforms) = postSolution
		{2E69EC89-DBB6-457B-BC0B-FB43E05CBF12}.Debug|Any CPU.ActiveCfg = Debug|Any CPU
		{2E69EC89-DBB6-457B-BC0B-FB43E05CBF12}.Debug|Any CPU.Build.0 = Debug|Any CPU
		{2E69EC89-DBB6-457B-BC0B-FB43E05CBF12}.Release|Any CPU.ActiveCfg = Release|Any CPU
		{2E69EC89-DBB6-457B-BC0B-FB43E05CBF12}.Release|Any CPU.Build.0 = Release|Any CPU
	EndGlobalSection
	GlobalSection(SolutionProperties) = preSolution
		HideSolutionNode = FALSE
	EndGlobalSection
	GlobalSection(ExtensibilityGlobals) = postSolution
		SolutionGuid = {A4E5DDFB-849E-453D-A639-77DD3849EF88}
	EndGlobalSection
EndGlobal
