
Microsoft Visual Studio Solution File, Format Version 12.00
# Visual Studio Version 16
VisualStudioVersion = 16.0.30204.135
MinimumVisualStudioVersion = 10.0.40219.1
Project("{FAE04EC0-301F-11D3-BF4B-00C04F79EFBC}") = "A_ListBox", "A_ListBox\A_ListBox.csproj", "{DD2D6AD9-808B-4620-8909-1CAE7ABA73A9}"
EndProject
Global
	GlobalSection(SolutionConfigurationPlatforms) = preSolution
		Debug|Any CPU = Debug|Any CPU
		Release|Any CPU = Release|Any CPU
	EndGlobalSection
	GlobalSection(ProjectConfigurationPlatforms) = postSolution
		{DD2D6AD9-808B-4620-8909-1CAE7ABA73A9}.Debug|Any CPU.ActiveCfg = Debug|Any CPU
		{DD2D6AD9-808B-4620-8909-1CAE7ABA73A9}.Debug|Any CPU.Build.0 = Debug|Any CPU
		{DD2D6AD9-808B-4620-8909-1CAE7ABA73A9}.Release|Any CPU.ActiveCfg = Release|Any CPU
		{DD2D6AD9-808B-4620-8909-1CAE7ABA73A9}.Release|Any CPU.Build.0 = Release|Any CPU
	EndGlobalSection
	GlobalSection(SolutionProperties) = preSolution
		HideSolutionNode = FALSE
	EndGlobalSection
	GlobalSection(ExtensibilityGlobals) = postSolution
		SolutionGuid = {54CEC66E-166F-4534-A053-8A89FE6A8D63}
	EndGlobalSection
EndGlobal
