
Microsoft Visual Studio Solution File, Format Version 12.00
# Visual Studio Version 16
VisualStudioVersion = 16.0.30204.135
MinimumVisualStudioVersion = 10.0.40219.1
Project("{FAE04EC0-301F-11D3-BF4B-00C04F79EFBC}") = "A_FontControl", "A_FontControl\A_FontControl.csproj", "{966C8EA5-CD61-45F7-B6E8-088F946B59A6}"
EndProject
Global
	GlobalSection(SolutionConfigurationPlatforms) = preSolution
		Debug|Any CPU = Debug|Any CPU
		Release|Any CPU = Release|Any CPU
	EndGlobalSection
	GlobalSection(ProjectConfigurationPlatforms) = postSolution
		{966C8EA5-CD61-45F7-B6E8-088F946B59A6}.Debug|Any CPU.ActiveCfg = Debug|Any CPU
		{966C8EA5-CD61-45F7-B6E8-088F946B59A6}.Debug|Any CPU.Build.0 = Debug|Any CPU
		{966C8EA5-CD61-45F7-B6E8-088F946B59A6}.Release|Any CPU.ActiveCfg = Release|Any CPU
		{966C8EA5-CD61-45F7-B6E8-088F946B59A6}.Release|Any CPU.Build.0 = Release|Any CPU
	EndGlobalSection
	GlobalSection(SolutionProperties) = preSolution
		HideSolutionNode = FALSE
	EndGlobalSection
	GlobalSection(ExtensibilityGlobals) = postSolution
		SolutionGuid = {969FE9E6-44E8-4B8A-819D-EFC898FB3F69}
	EndGlobalSection
EndGlobal
